
Microsoft Visual Studio Solution File, Format Version 12.00
# Visual Studio 15
VisualStudioVersion = 15.0.28010.2046
MinimumVisualStudioVersion = 10.0.40219.1
Project("{8BC9CEB8-8B4A-11D0-8D11-00A0C91BC942}") = "Ex_1_1_21", "Ex_1_1_21\Ex_1_1_21.vcxproj", "{48E54F02-3AAC-44CE-BFEF-FB5917AEE900}"
EndProject
Global
	GlobalSection(SolutionConfigurationPlatforms) = preSolution
		Debug|x64 = Debug|x64
		Debug|x86 = Debug|x86
		Release|x64 = Release|x64
		Release|x86 = Release|x86
	EndGlobalSection
	GlobalSection(ProjectConfigurationPlatforms) = postSolution
		{48E54F02-3AAC-44CE-BFEF-FB5917AEE900}.Debug|x64.ActiveCfg = Debug|x64
		{48E54F02-3AAC-44CE-BFEF-FB5917AEE900}.Debug|x64.Build.0 = Debug|x64
		{48E54F02-3AAC-44CE-BFEF-FB5917AEE900}.Debug|x86.ActiveCfg = Debug|Win32
		{48E54F02-3AAC-44CE-BFEF-FB5917AEE900}.Debug|x86.Build.0 = Debug|Win32
		{48E54F02-3AAC-44CE-BFEF-FB5917AEE900}.Release|x64.ActiveCfg = Release|x64
		{48E54F02-3AAC-44CE-BFEF-FB5917AEE900}.Release|x64.Build.0 = Release|x64
		{48E54F02-3AAC-44CE-BFEF-FB5917AEE900}.Release|x86.ActiveCfg = Release|Win32
		{48E54F02-3AAC-44CE-BFEF-FB5917AEE900}.Release|x86.Build.0 = Release|Win32
	EndGlobalSection
	GlobalSection(SolutionProperties) = preSolution
		HideSolutionNode = FALSE
	EndGlobalSection
	GlobalSection(ExtensibilityGlobals) = postSolution
		SolutionGuid = {A49E549D-97C0-433D-9BB4-181DF9966B2F}
	EndGlobalSection
EndGlobal
