
Microsoft Visual Studio Solution File, Format Version 12.00
# Visual Studio 15
VisualStudioVersion = 15.0.28010.2046
MinimumVisualStudioVersion = 10.0.40219.1
Project("{8BC9CEB8-8B4A-11D0-8D11-00A0C91BC942}") = "exercise1.1.12", "exercise1.1.12\exercise1.1.12.vcxproj", "{77657ABB-D53E-47E9-96D0-8B1762F86771}"
EndProject
Global
	GlobalSection(SolutionConfigurationPlatforms) = preSolution
		Debug|x64 = Debug|x64
		Debug|x86 = Debug|x86
		Release|x64 = Release|x64
		Release|x86 = Release|x86
	EndGlobalSection
	GlobalSection(ProjectConfigurationPlatforms) = postSolution
		{77657ABB-D53E-47E9-96D0-8B1762F86771}.Debug|x64.ActiveCfg = Debug|x64
		{77657ABB-D53E-47E9-96D0-8B1762F86771}.Debug|x64.Build.0 = Debug|x64
		{77657ABB-D53E-47E9-96D0-8B1762F86771}.Debug|x86.ActiveCfg = Debug|Win32
		{77657ABB-D53E-47E9-96D0-8B1762F86771}.Debug|x86.Build.0 = Debug|Win32
		{77657ABB-D53E-47E9-96D0-8B1762F86771}.Release|x64.ActiveCfg = Release|x64
		{77657ABB-D53E-47E9-96D0-8B1762F86771}.Release|x64.Build.0 = Release|x64
		{77657ABB-D53E-47E9-96D0-8B1762F86771}.Release|x86.ActiveCfg = Release|Win32
		{77657ABB-D53E-47E9-96D0-8B1762F86771}.Release|x86.Build.0 = Release|Win32
	EndGlobalSection
	GlobalSection(SolutionProperties) = preSolution
		HideSolutionNode = FALSE
	EndGlobalSection
	GlobalSection(ExtensibilityGlobals) = postSolution
		SolutionGuid = {C30ACD97-7877-42D5-87EE-5897A00E57CA}
	EndGlobalSection
EndGlobal
