
Microsoft Visual Studio Solution File, Format Version 12.00
# Visual Studio 15
VisualStudioVersion = 15.0.28010.2046
MinimumVisualStudioVersion = 10.0.40219.1
Project("{8BC9CEB8-8B4A-11D0-8D11-00A0C91BC942}") = "Ex_1_1_20", "Ex_1_1_20\Ex_1_1_20.vcxproj", "{7006BDA1-3961-4E65-8590-EF9A4890CAFE}"
EndProject
Global
	GlobalSection(SolutionConfigurationPlatforms) = preSolution
		Debug|x64 = Debug|x64
		Debug|x86 = Debug|x86
		Release|x64 = Release|x64
		Release|x86 = Release|x86
	EndGlobalSection
	GlobalSection(ProjectConfigurationPlatforms) = postSolution
		{7006BDA1-3961-4E65-8590-EF9A4890CAFE}.Debug|x64.ActiveCfg = Debug|x64
		{7006BDA1-3961-4E65-8590-EF9A4890CAFE}.Debug|x64.Build.0 = Debug|x64
		{7006BDA1-3961-4E65-8590-EF9A4890CAFE}.Debug|x86.ActiveCfg = Debug|Win32
		{7006BDA1-3961-4E65-8590-EF9A4890CAFE}.Debug|x86.Build.0 = Debug|Win32
		{7006BDA1-3961-4E65-8590-EF9A4890CAFE}.Release|x64.ActiveCfg = Release|x64
		{7006BDA1-3961-4E65-8590-EF9A4890CAFE}.Release|x64.Build.0 = Release|x64
		{7006BDA1-3961-4E65-8590-EF9A4890CAFE}.Release|x86.ActiveCfg = Release|Win32
		{7006BDA1-3961-4E65-8590-EF9A4890CAFE}.Release|x86.Build.0 = Release|Win32
	EndGlobalSection
	GlobalSection(SolutionProperties) = preSolution
		HideSolutionNode = FALSE
	EndGlobalSection
	GlobalSection(ExtensibilityGlobals) = postSolution
		SolutionGuid = {C3F7BD3B-6254-4D3E-A6D8-0895696F556C}
	EndGlobalSection
EndGlobal
