
Microsoft Visual Studio Solution File, Format Version 12.00
# Visual Studio 14
VisualStudioVersion = 14.0.25420.1
MinimumVisualStudioVersion = 10.0.40219.1
Project("{8BC9CEB8-8B4A-11D0-8D11-00A0C91BC942}") = "Test", "Test\Test.vcxproj", "{6187BA7D-22B5-4EC0-8A60-C8D36C6E0B05}"
EndProject
Project("{8BC9CEB8-8B4A-11D0-8D11-00A0C91BC942}") = "Sample_1_1_10_BinarySearch", "Sample_1_1_10_BinarySearch\Sample_1_1_10_BinarySearch.vcxproj", "{A1F5BEB1-719D-4201-9DB5-3BF81A7F0FD7}"
EndProject
Project("{8BC9CEB8-8B4A-11D0-8D11-00A0C91BC942}") = "Ex_1_1_009", "Ex_1_1_009\Ex_1_1_009.vcxproj", "{FD8BCC6C-BD40-4D3E-8EAA-08377C52F1CB}"
EndProject
Project("{8BC9CEB8-8B4A-11D0-8D11-00A0C91BC942}") = "Ex_1_1_011", "Ex_1_1_011\Ex_1_1_011.vcxproj", "{BDAC3C59-6832-4DEC-A8C6-74B5474D4059}"
EndProject
Project("{8BC9CEB8-8B4A-11D0-8D11-00A0C91BC942}") = "Ex_1_1_013", "Ex_1_1_013\Ex_1_1_013.vcxproj", "{424AFA9C-58C0-4030-B245-DC917C3BD73E}"
EndProject
Project("{8BC9CEB8-8B4A-11D0-8D11-00A0C91BC942}") = "Ex_1_1_014", "Ex_1_1_014\Ex_1_1_014.vcxproj", "{AB12CDA1-A15E-48E2-850A-21E5C52FB741}"
EndProject
Project("{8BC9CEB8-8B4A-11D0-8D11-00A0C91BC942}") = "Ex_1_1_015", "Ex_1_1_015\Ex_1_1_015.vcxproj", "{9F5337F1-B573-4709-9F41-FE84EA4A4FC6}"
EndProject
Project("{8BC9CEB8-8B4A-11D0-8D11-00A0C91BC942}") = "Ex_1_1_019", "Ex_1_1_019\Ex_1_1_019.vcxproj", "{0EE919E1-F389-4065-B50F-136F21819261}"
EndProject
Project("{8BC9CEB8-8B4A-11D0-8D11-00A0C91BC942}") = "Ex_1_1_020", "Ex_1_1_020\Ex_1_1_020.vcxproj", "{87B2C7E5-45C4-4240-8DC5-D0501B3E9C2F}"
EndProject
Project("{8BC9CEB8-8B4A-11D0-8D11-00A0C91BC942}") = "Ex_1_1_021", "Ex_1_1_021\Ex_1_1_021.vcxproj", "{175DB4ED-FCC6-401F-9086-6CD61CC7B495}"
EndProject
Project("{8BC9CEB8-8B4A-11D0-8D11-00A0C91BC942}") = "Ex_1_1_022", "Ex_1_1_022\Ex_1_1_022.vcxproj", "{5D5FC9BA-F268-4058-8181-D99479A4F35C}"
EndProject
Project("{8BC9CEB8-8B4A-11D0-8D11-00A0C91BC942}") = "Ex_1_1_023", "Ex_1_1_023\Ex_1_1_023.vcxproj", "{C6EBA2A2-05D5-448F-86FE-3CD40A3E75E9}"
EndProject
Project("{8BC9CEB8-8B4A-11D0-8D11-00A0C91BC942}") = "Ex_1_1_024", "Ex_1_1_024\Ex_1_1_024.vcxproj", "{1285E9BF-71F6-4C27-951D-5AFD97F49DC6}"
EndProject
Project("{8BC9CEB8-8B4A-11D0-8D11-00A0C91BC942}") = "Ex_1_1_027", "Ex_1_1_027\Ex_1_1_027.vcxproj", "{C31627C2-7C1F-4A5F-8251-4AA70888AD2B}"
EndProject
Project("{8BC9CEB8-8B4A-11D0-8D11-00A0C91BC942}") = "Ex_1_1_028", "Ex_1_1_028\Ex_1_1_028.vcxproj", "{C426742F-1555-49E3-BB44-63C66D0B7BDD}"
EndProject
Project("{8BC9CEB8-8B4A-11D0-8D11-00A0C91BC942}") = "Ex_1_1_029", "Ex_1_1_029\Ex_1_1_029.vcxproj", "{4AF2B264-4798-4FDD-947B-5075FD319ABA}"
EndProject
Project("{8BC9CEB8-8B4A-11D0-8D11-00A0C91BC942}") = "Ex_1_1_030", "Ex_1_1_030\Ex_1_1_030.vcxproj", "{E2E3E1FC-6CC3-4DCB-9703-67F52F912975}"
EndProject
Project("{8BC9CEB8-8B4A-11D0-8D11-00A0C91BC942}") = "Ex_1_1_033", "Ex_1_1_033\Ex_1_1_033.vcxproj", "{D06466FD-ED02-4F21-A7E7-340529A9475B}"
EndProject
Project("{8BC9CEB8-8B4A-11D0-8D11-00A0C91BC942}") = "Ex_1_1_035", "Ex_1_1_035\Ex_1_1_035.vcxproj", "{AF7D6DBF-2FD5-4542-91B1-B3EBEF3FED28}"
EndProject
Project("{8BC9CEB8-8B4A-11D0-8D11-00A0C91BC942}") = "Ex_1_1_036", "Ex_1_1_036\Ex_1_1_036.vcxproj", "{4E738F09-1B5D-499C-85F9-EBFE2A8A54AE}"
EndProject
Project("{8BC9CEB8-8B4A-11D0-8D11-00A0C91BC942}") = "Ex_1_1_037", "Ex_1_1_037\Ex_1_1_037.vcxproj", "{F1720D54-BCF1-4A68-B063-EDB05C3208A9}"
EndProject
Project("{8BC9CEB8-8B4A-11D0-8D11-00A0C91BC942}") = "Ex_1_1_038", "Ex_1_1_038\Ex_1_1_038.vcxproj", "{67B4DE3C-A770-45FD-9512-AAE87AAD8D48}"
EndProject
Project("{8BC9CEB8-8B4A-11D0-8D11-00A0C91BC942}") = "Ex_1_1_039", "Ex_1_1_039\Ex_1_1_039.vcxproj", "{97422681-57B8-4AA1-827D-7CF13B3FEDB9}"
EndProject
Project("{8BC9CEB8-8B4A-11D0-8D11-00A0C91BC942}") = "Ex_1_2_002", "Ex_1_2_002\Ex_1_2_002.vcxproj", "{F6B9F827-0AD7-48C4-94B0-8890E33456B7}"
EndProject
Project("{8BC9CEB8-8B4A-11D0-8D11-00A0C91BC942}") = "Ex_1_1_031", "Ex_1_1_031\Ex_1_1_031.vcxproj", "{B12702AD-ABFB-343A-A199-8E24837244A3}"
EndProject
Project("{8BC9CEB8-8B4A-11D0-8D11-00A0C91BC942}") = "Ex_1_1_032", "Ex_1_1_032\Ex_1_1_032.vcxproj", "{8CFC3932-3F95-41AE-9198-EA65B81FC708}"
EndProject
Project("{8BC9CEB8-8B4A-11D0-8D11-00A0C91BC942}") = "Sample_1_2_4_4_VisualAccumulator", "Sample_1_2_4_4_VisualAccumulator\Sample_1_2_4_4_VisualAccumulator.vcxproj", "{280D108B-3201-42C6-890D-76383213A893}"
EndProject
Project("{8BC9CEB8-8B4A-11D0-8D11-00A0C91BC942}") = "Ex_1_2_003", "Ex_1_2_003\Ex_1_2_003.vcxproj", "{7624AB80-A814-455C-8D08-776AA7922690}"
EndProject
Project("{8BC9CEB8-8B4A-11D0-8D11-00A0C91BC942}") = "Ex_1_2_006", "Ex_1_2_006\Ex_1_2_006.vcxproj", "{B7C47F3C-36D2-4EB3-9292-13B643711637}"
EndProject
Project("{8BC9CEB8-8B4A-11D0-8D11-00A0C91BC942}") = "Ex_1_2_009", "Ex_1_2_009\Ex_1_2_009.vcxproj", "{E69CE9F4-BE11-4E09-8EA3-B51A953D0086}"
EndProject
Project("{8BC9CEB8-8B4A-11D0-8D11-00A0C91BC942}") = "Ex_1_2_010", "Ex_1_2_010\Ex_1_2_010.vcxproj", "{4BE3F98D-89F4-4533-99BD-875E326CC14C}"
EndProject
Project("{8BC9CEB8-8B4A-11D0-8D11-00A0C91BC942}") = "Ex_1_2_011", "Ex_1_2_011\Ex_1_2_011.vcxproj", "{A8D5F2AB-5F86-4495-8E52-23C24719313D}"
EndProject
Project("{8BC9CEB8-8B4A-11D0-8D11-00A0C91BC942}") = "Ex_1_2_012", "Ex_1_2_012\Ex_1_2_012.vcxproj", "{9E8CA1FA-2CF9-4EF6-959E-EF996ED354DC}"
EndProject
Project("{8BC9CEB8-8B4A-11D0-8D11-00A0C91BC942}") = "Ex_1_2_013", "Ex_1_2_013\Ex_1_2_013.vcxproj", "{D4601966-758D-4BB5-956A-374EE7275661}"
EndProject
Project("{8BC9CEB8-8B4A-11D0-8D11-00A0C91BC942}") = "Ex_1_2_016", "Ex_1_2_016\Ex_1_2_016.vcxproj", "{336929D2-0DDD-4166-850D-ED287572C696}"
EndProject
Project("{8BC9CEB8-8B4A-11D0-8D11-00A0C91BC942}") = "Ex_1_2_017", "Ex_1_2_017\Ex_1_2_017.vcxproj", "{511FADD5-1919-4D4D-962A-3A2A9B44305C}"
EndProject
Global
	GlobalSection(SolutionConfigurationPlatforms) = preSolution
		Debug|x64 = Debug|x64
		Debug|x86 = Debug|x86
		Release|x64 = Release|x64
		Release|x86 = Release|x86
	EndGlobalSection
	GlobalSection(ProjectConfigurationPlatforms) = postSolution
		{6187BA7D-22B5-4EC0-8A60-C8D36C6E0B05}.Debug|x64.ActiveCfg = Debug|x64
		{6187BA7D-22B5-4EC0-8A60-C8D36C6E0B05}.Debug|x64.Build.0 = Debug|x64
		{6187BA7D-22B5-4EC0-8A60-C8D36C6E0B05}.Debug|x86.ActiveCfg = Debug|Win32
		{6187BA7D-22B5-4EC0-8A60-C8D36C6E0B05}.Debug|x86.Build.0 = Debug|Win32
		{6187BA7D-22B5-4EC0-8A60-C8D36C6E0B05}.Release|x64.ActiveCfg = Release|x64
		{6187BA7D-22B5-4EC0-8A60-C8D36C6E0B05}.Release|x64.Build.0 = Release|x64
		{6187BA7D-22B5-4EC0-8A60-C8D36C6E0B05}.Release|x86.ActiveCfg = Release|Win32
		{6187BA7D-22B5-4EC0-8A60-C8D36C6E0B05}.Release|x86.Build.0 = Release|Win32
		{A1F5BEB1-719D-4201-9DB5-3BF81A7F0FD7}.Debug|x64.ActiveCfg = Debug|x64
		{A1F5BEB1-719D-4201-9DB5-3BF81A7F0FD7}.Debug|x64.Build.0 = Debug|x64
		{A1F5BEB1-719D-4201-9DB5-3BF81A7F0FD7}.Debug|x86.ActiveCfg = Debug|Win32
		{A1F5BEB1-719D-4201-9DB5-3BF81A7F0FD7}.Debug|x86.Build.0 = Debug|Win32
		{A1F5BEB1-719D-4201-9DB5-3BF81A7F0FD7}.Release|x64.ActiveCfg = Release|x64
		{A1F5BEB1-719D-4201-9DB5-3BF81A7F0FD7}.Release|x64.Build.0 = Release|x64
		{A1F5BEB1-719D-4201-9DB5-3BF81A7F0FD7}.Release|x86.ActiveCfg = Release|Win32
		{A1F5BEB1-719D-4201-9DB5-3BF81A7F0FD7}.Release|x86.Build.0 = Release|Win32
		{FD8BCC6C-BD40-4D3E-8EAA-08377C52F1CB}.Debug|x64.ActiveCfg = Debug|x64
		{FD8BCC6C-BD40-4D3E-8EAA-08377C52F1CB}.Debug|x64.Build.0 = Debug|x64
		{FD8BCC6C-BD40-4D3E-8EAA-08377C52F1CB}.Debug|x86.ActiveCfg = Debug|Win32
		{FD8BCC6C-BD40-4D3E-8EAA-08377C52F1CB}.Debug|x86.Build.0 = Debug|Win32
		{FD8BCC6C-BD40-4D3E-8EAA-08377C52F1CB}.Release|x64.ActiveCfg = Release|x64
		{FD8BCC6C-BD40-4D3E-8EAA-08377C52F1CB}.Release|x64.Build.0 = Release|x64
		{FD8BCC6C-BD40-4D3E-8EAA-08377C52F1CB}.Release|x86.ActiveCfg = Release|Win32
		{FD8BCC6C-BD40-4D3E-8EAA-08377C52F1CB}.Release|x86.Build.0 = Release|Win32
		{BDAC3C59-6832-4DEC-A8C6-74B5474D4059}.Debug|x64.ActiveCfg = Debug|x64
		{BDAC3C59-6832-4DEC-A8C6-74B5474D4059}.Debug|x64.Build.0 = Debug|x64
		{BDAC3C59-6832-4DEC-A8C6-74B5474D4059}.Debug|x86.ActiveCfg = Debug|Win32
		{BDAC3C59-6832-4DEC-A8C6-74B5474D4059}.Debug|x86.Build.0 = Debug|Win32
		{BDAC3C59-6832-4DEC-A8C6-74B5474D4059}.Release|x64.ActiveCfg = Release|x64
		{BDAC3C59-6832-4DEC-A8C6-74B5474D4059}.Release|x64.Build.0 = Release|x64
		{BDAC3C59-6832-4DEC-A8C6-74B5474D4059}.Release|x86.ActiveCfg = Release|Win32
		{BDAC3C59-6832-4DEC-A8C6-74B5474D4059}.Release|x86.Build.0 = Release|Win32
		{424AFA9C-58C0-4030-B245-DC917C3BD73E}.Debug|x64.ActiveCfg = Debug|x64
		{424AFA9C-58C0-4030-B245-DC917C3BD73E}.Debug|x64.Build.0 = Debug|x64
		{424AFA9C-58C0-4030-B245-DC917C3BD73E}.Debug|x86.ActiveCfg = Debug|Win32
		{424AFA9C-58C0-4030-B245-DC917C3BD73E}.Debug|x86.Build.0 = Debug|Win32
		{424AFA9C-58C0-4030-B245-DC917C3BD73E}.Release|x64.ActiveCfg = Release|x64
		{424AFA9C-58C0-4030-B245-DC917C3BD73E}.Release|x64.Build.0 = Release|x64
		{424AFA9C-58C0-4030-B245-DC917C3BD73E}.Release|x86.ActiveCfg = Release|Win32
		{424AFA9C-58C0-4030-B245-DC917C3BD73E}.Release|x86.Build.0 = Release|Win32
		{AB12CDA1-A15E-48E2-850A-21E5C52FB741}.Debug|x64.ActiveCfg = Debug|x64
		{AB12CDA1-A15E-48E2-850A-21E5C52FB741}.Debug|x64.Build.0 = Debug|x64
		{AB12CDA1-A15E-48E2-850A-21E5C52FB741}.Debug|x86.ActiveCfg = Debug|Win32
		{AB12CDA1-A15E-48E2-850A-21E5C52FB741}.Debug|x86.Build.0 = Debug|Win32
		{AB12CDA1-A15E-48E2-850A-21E5C52FB741}.Release|x64.ActiveCfg = Release|x64
		{AB12CDA1-A15E-48E2-850A-21E5C52FB741}.Release|x64.Build.0 = Release|x64
		{AB12CDA1-A15E-48E2-850A-21E5C52FB741}.Release|x86.ActiveCfg = Release|Win32
		{AB12CDA1-A15E-48E2-850A-21E5C52FB741}.Release|x86.Build.0 = Release|Win32
		{9F5337F1-B573-4709-9F41-FE84EA4A4FC6}.Debug|x64.ActiveCfg = Debug|x64
		{9F5337F1-B573-4709-9F41-FE84EA4A4FC6}.Debug|x64.Build.0 = Debug|x64
		{9F5337F1-B573-4709-9F41-FE84EA4A4FC6}.Debug|x86.ActiveCfg = Debug|Win32
		{9F5337F1-B573-4709-9F41-FE84EA4A4FC6}.Debug|x86.Build.0 = Debug|Win32
		{9F5337F1-B573-4709-9F41-FE84EA4A4FC6}.Release|x64.ActiveCfg = Release|x64
		{9F5337F1-B573-4709-9F41-FE84EA4A4FC6}.Release|x64.Build.0 = Release|x64
		{9F5337F1-B573-4709-9F41-FE84EA4A4FC6}.Release|x86.ActiveCfg = Release|Win32
		{9F5337F1-B573-4709-9F41-FE84EA4A4FC6}.Release|x86.Build.0 = Release|Win32
		{0EE919E1-F389-4065-B50F-136F21819261}.Debug|x64.ActiveCfg = Debug|x64
		{0EE919E1-F389-4065-B50F-136F21819261}.Debug|x64.Build.0 = Debug|x64
		{0EE919E1-F389-4065-B50F-136F21819261}.Debug|x86.ActiveCfg = Debug|Win32
		{0EE919E1-F389-4065-B50F-136F21819261}.Debug|x86.Build.0 = Debug|Win32
		{0EE919E1-F389-4065-B50F-136F21819261}.Release|x64.ActiveCfg = Release|x64
		{0EE919E1-F389-4065-B50F-136F21819261}.Release|x64.Build.0 = Release|x64
		{0EE919E1-F389-4065-B50F-136F21819261}.Release|x86.ActiveCfg = Release|Win32
		{0EE919E1-F389-4065-B50F-136F21819261}.Release|x86.Build.0 = Release|Win32
		{87B2C7E5-45C4-4240-8DC5-D0501B3E9C2F}.Debug|x64.ActiveCfg = Debug|x64
		{87B2C7E5-45C4-4240-8DC5-D0501B3E9C2F}.Debug|x64.Build.0 = Debug|x64
		{87B2C7E5-45C4-4240-8DC5-D0501B3E9C2F}.Debug|x86.ActiveCfg = Debug|Win32
		{87B2C7E5-45C4-4240-8DC5-D0501B3E9C2F}.Debug|x86.Build.0 = Debug|Win32
		{87B2C7E5-45C4-4240-8DC5-D0501B3E9C2F}.Release|x64.ActiveCfg = Release|x64
		{87B2C7E5-45C4-4240-8DC5-D0501B3E9C2F}.Release|x64.Build.0 = Release|x64
		{87B2C7E5-45C4-4240-8DC5-D0501B3E9C2F}.Release|x86.ActiveCfg = Release|Win32
		{87B2C7E5-45C4-4240-8DC5-D0501B3E9C2F}.Release|x86.Build.0 = Release|Win32
		{175DB4ED-FCC6-401F-9086-6CD61CC7B495}.Debug|x64.ActiveCfg = Debug|x64
		{175DB4ED-FCC6-401F-9086-6CD61CC7B495}.Debug|x64.Build.0 = Debug|x64
		{175DB4ED-FCC6-401F-9086-6CD61CC7B495}.Debug|x86.ActiveCfg = Debug|Win32
		{175DB4ED-FCC6-401F-9086-6CD61CC7B495}.Debug|x86.Build.0 = Debug|Win32
		{175DB4ED-FCC6-401F-9086-6CD61CC7B495}.Release|x64.ActiveCfg = Release|x64
		{175DB4ED-FCC6-401F-9086-6CD61CC7B495}.Release|x64.Build.0 = Release|x64
		{175DB4ED-FCC6-401F-9086-6CD61CC7B495}.Release|x86.ActiveCfg = Release|Win32
		{175DB4ED-FCC6-401F-9086-6CD61CC7B495}.Release|x86.Build.0 = Release|Win32
		{5D5FC9BA-F268-4058-8181-D99479A4F35C}.Debug|x64.ActiveCfg = Debug|x64
		{5D5FC9BA-F268-4058-8181-D99479A4F35C}.Debug|x64.Build.0 = Debug|x64
		{5D5FC9BA-F268-4058-8181-D99479A4F35C}.Debug|x86.ActiveCfg = Debug|Win32
		{5D5FC9BA-F268-4058-8181-D99479A4F35C}.Debug|x86.Build.0 = Debug|Win32
		{5D5FC9BA-F268-4058-8181-D99479A4F35C}.Release|x64.ActiveCfg = Release|x64
		{5D5FC9BA-F268-4058-8181-D99479A4F35C}.Release|x64.Build.0 = Release|x64
		{5D5FC9BA-F268-4058-8181-D99479A4F35C}.Release|x86.ActiveCfg = Release|Win32
		{5D5FC9BA-F268-4058-8181-D99479A4F35C}.Release|x86.Build.0 = Release|Win32
		{C6EBA2A2-05D5-448F-86FE-3CD40A3E75E9}.Debug|x64.ActiveCfg = Debug|x64
		{C6EBA2A2-05D5-448F-86FE-3CD40A3E75E9}.Debug|x64.Build.0 = Debug|x64
		{C6EBA2A2-05D5-448F-86FE-3CD40A3E75E9}.Debug|x86.ActiveCfg = Debug|Win32
		{C6EBA2A2-05D5-448F-86FE-3CD40A3E75E9}.Debug|x86.Build.0 = Debug|Win32
		{C6EBA2A2-05D5-448F-86FE-3CD40A3E75E9}.Release|x64.ActiveCfg = Release|x64
		{C6EBA2A2-05D5-448F-86FE-3CD40A3E75E9}.Release|x64.Build.0 = Release|x64
		{C6EBA2A2-05D5-448F-86FE-3CD40A3E75E9}.Release|x86.ActiveCfg = Release|Win32
		{C6EBA2A2-05D5-448F-86FE-3CD40A3E75E9}.Release|x86.Build.0 = Release|Win32
		{1285E9BF-71F6-4C27-951D-5AFD97F49DC6}.Debug|x64.ActiveCfg = Debug|x64
		{1285E9BF-71F6-4C27-951D-5AFD97F49DC6}.Debug|x64.Build.0 = Debug|x64
		{1285E9BF-71F6-4C27-951D-5AFD97F49DC6}.Debug|x86.ActiveCfg = Debug|Win32
		{1285E9BF-71F6-4C27-951D-5AFD97F49DC6}.Debug|x86.Build.0 = Debug|Win32
		{1285E9BF-71F6-4C27-951D-5AFD97F49DC6}.Release|x64.ActiveCfg = Release|x64
		{1285E9BF-71F6-4C27-951D-5AFD97F49DC6}.Release|x64.Build.0 = Release|x64
		{1285E9BF-71F6-4C27-951D-5AFD97F49DC6}.Release|x86.ActiveCfg = Release|Win32
		{1285E9BF-71F6-4C27-951D-5AFD97F49DC6}.Release|x86.Build.0 = Release|Win32
		{C31627C2-7C1F-4A5F-8251-4AA70888AD2B}.Debug|x64.ActiveCfg = Debug|x64
		{C31627C2-7C1F-4A5F-8251-4AA70888AD2B}.Debug|x64.Build.0 = Debug|x64
		{C31627C2-7C1F-4A5F-8251-4AA70888AD2B}.Debug|x86.ActiveCfg = Debug|Win32
		{C31627C2-7C1F-4A5F-8251-4AA70888AD2B}.Debug|x86.Build.0 = Debug|Win32
		{C31627C2-7C1F-4A5F-8251-4AA70888AD2B}.Release|x64.ActiveCfg = Release|x64
		{C31627C2-7C1F-4A5F-8251-4AA70888AD2B}.Release|x64.Build.0 = Release|x64
		{C31627C2-7C1F-4A5F-8251-4AA70888AD2B}.Release|x86.ActiveCfg = Release|Win32
		{C31627C2-7C1F-4A5F-8251-4AA70888AD2B}.Release|x86.Build.0 = Release|Win32
		{C426742F-1555-49E3-BB44-63C66D0B7BDD}.Debug|x64.ActiveCfg = Debug|x64
		{C426742F-1555-49E3-BB44-63C66D0B7BDD}.Debug|x64.Build.0 = Debug|x64
		{C426742F-1555-49E3-BB44-63C66D0B7BDD}.Debug|x86.ActiveCfg = Debug|Win32
		{C426742F-1555-49E3-BB44-63C66D0B7BDD}.Debug|x86.Build.0 = Debug|Win32
		{C426742F-1555-49E3-BB44-63C66D0B7BDD}.Release|x64.ActiveCfg = Release|x64
		{C426742F-1555-49E3-BB44-63C66D0B7BDD}.Release|x64.Build.0 = Release|x64
		{C426742F-1555-49E3-BB44-63C66D0B7BDD}.Release|x86.ActiveCfg = Release|Win32
		{C426742F-1555-49E3-BB44-63C66D0B7BDD}.Release|x86.Build.0 = Release|Win32
		{4AF2B264-4798-4FDD-947B-5075FD319ABA}.Debug|x64.ActiveCfg = Debug|x64
		{4AF2B264-4798-4FDD-947B-5075FD319ABA}.Debug|x64.Build.0 = Debug|x64
		{4AF2B264-4798-4FDD-947B-5075FD319ABA}.Debug|x86.ActiveCfg = Debug|Win32
		{4AF2B264-4798-4FDD-947B-5075FD319ABA}.Debug|x86.Build.0 = Debug|Win32
		{4AF2B264-4798-4FDD-947B-5075FD319ABA}.Release|x64.ActiveCfg = Release|x64
		{4AF2B264-4798-4FDD-947B-5075FD319ABA}.Release|x64.Build.0 = Release|x64
		{4AF2B264-4798-4FDD-947B-5075FD319ABA}.Release|x86.ActiveCfg = Release|Win32
		{4AF2B264-4798-4FDD-947B-5075FD319ABA}.Release|x86.Build.0 = Release|Win32
		{E2E3E1FC-6CC3-4DCB-9703-67F52F912975}.Debug|x64.ActiveCfg = Debug|x64
		{E2E3E1FC-6CC3-4DCB-9703-67F52F912975}.Debug|x64.Build.0 = Debug|x64
		{E2E3E1FC-6CC3-4DCB-9703-67F52F912975}.Debug|x86.ActiveCfg = Debug|Win32
		{E2E3E1FC-6CC3-4DCB-9703-67F52F912975}.Debug|x86.Build.0 = Debug|Win32
		{E2E3E1FC-6CC3-4DCB-9703-67F52F912975}.Release|x64.ActiveCfg = Release|x64
		{E2E3E1FC-6CC3-4DCB-9703-67F52F912975}.Release|x64.Build.0 = Release|x64
		{E2E3E1FC-6CC3-4DCB-9703-67F52F912975}.Release|x86.ActiveCfg = Release|Win32
		{E2E3E1FC-6CC3-4DCB-9703-67F52F912975}.Release|x86.Build.0 = Release|Win32
		{D06466FD-ED02-4F21-A7E7-340529A9475B}.Debug|x64.ActiveCfg = Debug|x64
		{D06466FD-ED02-4F21-A7E7-340529A9475B}.Debug|x64.Build.0 = Debug|x64
		{D06466FD-ED02-4F21-A7E7-340529A9475B}.Debug|x86.ActiveCfg = Debug|Win32
		{D06466FD-ED02-4F21-A7E7-340529A9475B}.Debug|x86.Build.0 = Debug|Win32
		{D06466FD-ED02-4F21-A7E7-340529A9475B}.Release|x64.ActiveCfg = Release|x64
		{D06466FD-ED02-4F21-A7E7-340529A9475B}.Release|x64.Build.0 = Release|x64
		{D06466FD-ED02-4F21-A7E7-340529A9475B}.Release|x86.ActiveCfg = Release|Win32
		{D06466FD-ED02-4F21-A7E7-340529A9475B}.Release|x86.Build.0 = Release|Win32
		{AF7D6DBF-2FD5-4542-91B1-B3EBEF3FED28}.Debug|x64.ActiveCfg = Debug|x64
		{AF7D6DBF-2FD5-4542-91B1-B3EBEF3FED28}.Debug|x64.Build.0 = Debug|x64
		{AF7D6DBF-2FD5-4542-91B1-B3EBEF3FED28}.Debug|x86.ActiveCfg = Debug|Win32
		{AF7D6DBF-2FD5-4542-91B1-B3EBEF3FED28}.Debug|x86.Build.0 = Debug|Win32
		{AF7D6DBF-2FD5-4542-91B1-B3EBEF3FED28}.Release|x64.ActiveCfg = Release|x64
		{AF7D6DBF-2FD5-4542-91B1-B3EBEF3FED28}.Release|x64.Build.0 = Release|x64
		{AF7D6DBF-2FD5-4542-91B1-B3EBEF3FED28}.Release|x86.ActiveCfg = Release|Win32
		{AF7D6DBF-2FD5-4542-91B1-B3EBEF3FED28}.Release|x86.Build.0 = Release|Win32
		{4E738F09-1B5D-499C-85F9-EBFE2A8A54AE}.Debug|x64.ActiveCfg = Debug|x64
		{4E738F09-1B5D-499C-85F9-EBFE2A8A54AE}.Debug|x64.Build.0 = Debug|x64
		{4E738F09-1B5D-499C-85F9-EBFE2A8A54AE}.Debug|x86.ActiveCfg = Debug|Win32
		{4E738F09-1B5D-499C-85F9-EBFE2A8A54AE}.Debug|x86.Build.0 = Debug|Win32
		{4E738F09-1B5D-499C-85F9-EBFE2A8A54AE}.Release|x64.ActiveCfg = Release|x64
		{4E738F09-1B5D-499C-85F9-EBFE2A8A54AE}.Release|x64.Build.0 = Release|x64
		{4E738F09-1B5D-499C-85F9-EBFE2A8A54AE}.Release|x86.ActiveCfg = Release|Win32
		{4E738F09-1B5D-499C-85F9-EBFE2A8A54AE}.Release|x86.Build.0 = Release|Win32
		{F1720D54-BCF1-4A68-B063-EDB05C3208A9}.Debug|x64.ActiveCfg = Debug|x64
		{F1720D54-BCF1-4A68-B063-EDB05C3208A9}.Debug|x64.Build.0 = Debug|x64
		{F1720D54-BCF1-4A68-B063-EDB05C3208A9}.Debug|x86.ActiveCfg = Debug|Win32
		{F1720D54-BCF1-4A68-B063-EDB05C3208A9}.Debug|x86.Build.0 = Debug|Win32
		{F1720D54-BCF1-4A68-B063-EDB05C3208A9}.Release|x64.ActiveCfg = Release|x64
		{F1720D54-BCF1-4A68-B063-EDB05C3208A9}.Release|x64.Build.0 = Release|x64
		{F1720D54-BCF1-4A68-B063-EDB05C3208A9}.Release|x86.ActiveCfg = Release|Win32
		{F1720D54-BCF1-4A68-B063-EDB05C3208A9}.Release|x86.Build.0 = Release|Win32
		{67B4DE3C-A770-45FD-9512-AAE87AAD8D48}.Debug|x64.ActiveCfg = Debug|x64
		{67B4DE3C-A770-45FD-9512-AAE87AAD8D48}.Debug|x64.Build.0 = Debug|x64
		{67B4DE3C-A770-45FD-9512-AAE87AAD8D48}.Debug|x86.ActiveCfg = Debug|Win32
		{67B4DE3C-A770-45FD-9512-AAE87AAD8D48}.Debug|x86.Build.0 = Debug|Win32
		{67B4DE3C-A770-45FD-9512-AAE87AAD8D48}.Release|x64.ActiveCfg = Release|x64
		{67B4DE3C-A770-45FD-9512-AAE87AAD8D48}.Release|x64.Build.0 = Release|x64
		{67B4DE3C-A770-45FD-9512-AAE87AAD8D48}.Release|x86.ActiveCfg = Release|Win32
		{67B4DE3C-A770-45FD-9512-AAE87AAD8D48}.Release|x86.Build.0 = Release|Win32
		{97422681-57B8-4AA1-827D-7CF13B3FEDB9}.Debug|x64.ActiveCfg = Debug|x64
		{97422681-57B8-4AA1-827D-7CF13B3FEDB9}.Debug|x64.Build.0 = Debug|x64
		{97422681-57B8-4AA1-827D-7CF13B3FEDB9}.Debug|x86.ActiveCfg = Debug|Win32
		{97422681-57B8-4AA1-827D-7CF13B3FEDB9}.Debug|x86.Build.0 = Debug|Win32
		{97422681-57B8-4AA1-827D-7CF13B3FEDB9}.Release|x64.ActiveCfg = Release|x64
		{97422681-57B8-4AA1-827D-7CF13B3FEDB9}.Release|x64.Build.0 = Release|x64
		{97422681-57B8-4AA1-827D-7CF13B3FEDB9}.Release|x86.ActiveCfg = Release|Win32
		{97422681-57B8-4AA1-827D-7CF13B3FEDB9}.Release|x86.Build.0 = Release|Win32
		{F6B9F827-0AD7-48C4-94B0-8890E33456B7}.Debug|x64.ActiveCfg = Debug|x64
		{F6B9F827-0AD7-48C4-94B0-8890E33456B7}.Debug|x64.Build.0 = Debug|x64
		{F6B9F827-0AD7-48C4-94B0-8890E33456B7}.Debug|x86.ActiveCfg = Debug|Win32
		{F6B9F827-0AD7-48C4-94B0-8890E33456B7}.Debug|x86.Build.0 = Debug|Win32
		{F6B9F827-0AD7-48C4-94B0-8890E33456B7}.Release|x64.ActiveCfg = Release|x64
		{F6B9F827-0AD7-48C4-94B0-8890E33456B7}.Release|x64.Build.0 = Release|x64
		{F6B9F827-0AD7-48C4-94B0-8890E33456B7}.Release|x86.ActiveCfg = Release|Win32
		{F6B9F827-0AD7-48C4-94B0-8890E33456B7}.Release|x86.Build.0 = Release|Win32
		{B12702AD-ABFB-343A-A199-8E24837244A3}.Debug|x64.ActiveCfg = Debug|x64
		{B12702AD-ABFB-343A-A199-8E24837244A3}.Debug|x64.Build.0 = Debug|x64
		{B12702AD-ABFB-343A-A199-8E24837244A3}.Debug|x86.ActiveCfg = Debug|x64
		{B12702AD-ABFB-343A-A199-8E24837244A3}.Release|x64.ActiveCfg = Release|x64
		{B12702AD-ABFB-343A-A199-8E24837244A3}.Release|x64.Build.0 = Release|x64
		{B12702AD-ABFB-343A-A199-8E24837244A3}.Release|x86.ActiveCfg = Release|x64
		{8CFC3932-3F95-41AE-9198-EA65B81FC708}.Debug|x64.ActiveCfg = Debug|x64
		{8CFC3932-3F95-41AE-9198-EA65B81FC708}.Debug|x64.Build.0 = Debug|x64
		{8CFC3932-3F95-41AE-9198-EA65B81FC708}.Debug|x86.ActiveCfg = Debug|x64
		{8CFC3932-3F95-41AE-9198-EA65B81FC708}.Release|x64.ActiveCfg = Release|x64
		{8CFC3932-3F95-41AE-9198-EA65B81FC708}.Release|x64.Build.0 = Release|x64
		{8CFC3932-3F95-41AE-9198-EA65B81FC708}.Release|x86.ActiveCfg = Release|x64
		{280D108B-3201-42C6-890D-76383213A893}.Debug|x64.ActiveCfg = Debug|x64
		{280D108B-3201-42C6-890D-76383213A893}.Debug|x64.Build.0 = Debug|x64
		{280D108B-3201-42C6-890D-76383213A893}.Debug|x86.ActiveCfg = Debug|x64
		{280D108B-3201-42C6-890D-76383213A893}.Release|x64.ActiveCfg = Release|x64
		{280D108B-3201-42C6-890D-76383213A893}.Release|x64.Build.0 = Release|x64
		{280D108B-3201-42C6-890D-76383213A893}.Release|x86.ActiveCfg = Release|x64
		{7624AB80-A814-455C-8D08-776AA7922690}.Debug|x64.ActiveCfg = Debug|x64
		{7624AB80-A814-455C-8D08-776AA7922690}.Debug|x64.Build.0 = Debug|x64
		{7624AB80-A814-455C-8D08-776AA7922690}.Debug|x86.ActiveCfg = Debug|x64
		{7624AB80-A814-455C-8D08-776AA7922690}.Release|x64.ActiveCfg = Release|x64
		{7624AB80-A814-455C-8D08-776AA7922690}.Release|x64.Build.0 = Release|x64
		{7624AB80-A814-455C-8D08-776AA7922690}.Release|x86.ActiveCfg = Release|x64
		{B7C47F3C-36D2-4EB3-9292-13B643711637}.Debug|x64.ActiveCfg = Debug|x64
		{B7C47F3C-36D2-4EB3-9292-13B643711637}.Debug|x64.Build.0 = Debug|x64
		{B7C47F3C-36D2-4EB3-9292-13B643711637}.Debug|x86.ActiveCfg = Debug|Win32
		{B7C47F3C-36D2-4EB3-9292-13B643711637}.Debug|x86.Build.0 = Debug|Win32
		{B7C47F3C-36D2-4EB3-9292-13B643711637}.Release|x64.ActiveCfg = Release|x64
		{B7C47F3C-36D2-4EB3-9292-13B643711637}.Release|x64.Build.0 = Release|x64
		{B7C47F3C-36D2-4EB3-9292-13B643711637}.Release|x86.ActiveCfg = Release|Win32
		{B7C47F3C-36D2-4EB3-9292-13B643711637}.Release|x86.Build.0 = Release|Win32
		{E69CE9F4-BE11-4E09-8EA3-B51A953D0086}.Debug|x64.ActiveCfg = Debug|x64
		{E69CE9F4-BE11-4E09-8EA3-B51A953D0086}.Debug|x64.Build.0 = Debug|x64
		{E69CE9F4-BE11-4E09-8EA3-B51A953D0086}.Debug|x86.ActiveCfg = Debug|Win32
		{E69CE9F4-BE11-4E09-8EA3-B51A953D0086}.Debug|x86.Build.0 = Debug|Win32
		{E69CE9F4-BE11-4E09-8EA3-B51A953D0086}.Release|x64.ActiveCfg = Release|x64
		{E69CE9F4-BE11-4E09-8EA3-B51A953D0086}.Release|x64.Build.0 = Release|x64
		{E69CE9F4-BE11-4E09-8EA3-B51A953D0086}.Release|x86.ActiveCfg = Release|Win32
		{E69CE9F4-BE11-4E09-8EA3-B51A953D0086}.Release|x86.Build.0 = Release|Win32
		{4BE3F98D-89F4-4533-99BD-875E326CC14C}.Debug|x64.ActiveCfg = Debug|x64
		{4BE3F98D-89F4-4533-99BD-875E326CC14C}.Debug|x64.Build.0 = Debug|x64
		{4BE3F98D-89F4-4533-99BD-875E326CC14C}.Debug|x86.ActiveCfg = Debug|x64
		{4BE3F98D-89F4-4533-99BD-875E326CC14C}.Release|x64.ActiveCfg = Release|x64
		{4BE3F98D-89F4-4533-99BD-875E326CC14C}.Release|x64.Build.0 = Release|x64
		{4BE3F98D-89F4-4533-99BD-875E326CC14C}.Release|x86.ActiveCfg = Release|x64
		{A8D5F2AB-5F86-4495-8E52-23C24719313D}.Debug|x64.ActiveCfg = Debug|x64
		{A8D5F2AB-5F86-4495-8E52-23C24719313D}.Debug|x64.Build.0 = Debug|x64
		{A8D5F2AB-5F86-4495-8E52-23C24719313D}.Debug|x86.ActiveCfg = Debug|Win32
		{A8D5F2AB-5F86-4495-8E52-23C24719313D}.Debug|x86.Build.0 = Debug|Win32
		{A8D5F2AB-5F86-4495-8E52-23C24719313D}.Release|x64.ActiveCfg = Release|x64
		{A8D5F2AB-5F86-4495-8E52-23C24719313D}.Release|x64.Build.0 = Release|x64
		{A8D5F2AB-5F86-4495-8E52-23C24719313D}.Release|x86.ActiveCfg = Release|Win32
		{A8D5F2AB-5F86-4495-8E52-23C24719313D}.Release|x86.Build.0 = Release|Win32
		{9E8CA1FA-2CF9-4EF6-959E-EF996ED354DC}.Debug|x64.ActiveCfg = Debug|x64
		{9E8CA1FA-2CF9-4EF6-959E-EF996ED354DC}.Debug|x64.Build.0 = Debug|x64
		{9E8CA1FA-2CF9-4EF6-959E-EF996ED354DC}.Debug|x86.ActiveCfg = Debug|Win32
		{9E8CA1FA-2CF9-4EF6-959E-EF996ED354DC}.Debug|x86.Build.0 = Debug|Win32
		{9E8CA1FA-2CF9-4EF6-959E-EF996ED354DC}.Release|x64.ActiveCfg = Release|x64
		{9E8CA1FA-2CF9-4EF6-959E-EF996ED354DC}.Release|x64.Build.0 = Release|x64
		{9E8CA1FA-2CF9-4EF6-959E-EF996ED354DC}.Release|x86.ActiveCfg = Release|Win32
		{9E8CA1FA-2CF9-4EF6-959E-EF996ED354DC}.Release|x86.Build.0 = Release|Win32
		{D4601966-758D-4BB5-956A-374EE7275661}.Debug|x64.ActiveCfg = Debug|x64
		{D4601966-758D-4BB5-956A-374EE7275661}.Debug|x64.Build.0 = Debug|x64
		{D4601966-758D-4BB5-956A-374EE7275661}.Debug|x86.ActiveCfg = Debug|Win32
		{D4601966-758D-4BB5-956A-374EE7275661}.Debug|x86.Build.0 = Debug|Win32
		{D4601966-758D-4BB5-956A-374EE7275661}.Release|x64.ActiveCfg = Release|x64
		{D4601966-758D-4BB5-956A-374EE7275661}.Release|x64.Build.0 = Release|x64
		{D4601966-758D-4BB5-956A-374EE7275661}.Release|x86.ActiveCfg = Release|Win32
		{D4601966-758D-4BB5-956A-374EE7275661}.Release|x86.Build.0 = Release|Win32
		{336929D2-0DDD-4166-850D-ED287572C696}.Debug|x64.ActiveCfg = Debug|x64
		{336929D2-0DDD-4166-850D-ED287572C696}.Debug|x64.Build.0 = Debug|x64
		{336929D2-0DDD-4166-850D-ED287572C696}.Debug|x86.ActiveCfg = Debug|Win32
		{336929D2-0DDD-4166-850D-ED287572C696}.Debug|x86.Build.0 = Debug|Win32
		{336929D2-0DDD-4166-850D-ED287572C696}.Release|x64.ActiveCfg = Release|x64
		{336929D2-0DDD-4166-850D-ED287572C696}.Release|x64.Build.0 = Release|x64
		{336929D2-0DDD-4166-850D-ED287572C696}.Release|x86.ActiveCfg = Release|Win32
		{336929D2-0DDD-4166-850D-ED287572C696}.Release|x86.Build.0 = Release|Win32
		{511FADD5-1919-4D4D-962A-3A2A9B44305C}.Debug|x64.ActiveCfg = Debug|x64
		{511FADD5-1919-4D4D-962A-3A2A9B44305C}.Debug|x64.Build.0 = Debug|x64
		{511FADD5-1919-4D4D-962A-3A2A9B44305C}.Debug|x86.ActiveCfg = Debug|Win32
		{511FADD5-1919-4D4D-962A-3A2A9B44305C}.Debug|x86.Build.0 = Debug|Win32
		{511FADD5-1919-4D4D-962A-3A2A9B44305C}.Release|x64.ActiveCfg = Release|x64
		{511FADD5-1919-4D4D-962A-3A2A9B44305C}.Release|x64.Build.0 = Release|x64
		{511FADD5-1919-4D4D-962A-3A2A9B44305C}.Release|x86.ActiveCfg = Release|Win32
		{511FADD5-1919-4D4D-962A-3A2A9B44305C}.Release|x86.Build.0 = Release|Win32
	EndGlobalSection
	GlobalSection(SolutionProperties) = preSolution
		HideSolutionNode = FALSE
	EndGlobalSection
EndGlobal
