
Microsoft Visual Studio Solution File, Format Version 12.00
# Visual Studio 15
VisualStudioVersion = 15.0.28010.2046
MinimumVisualStudioVersion = 10.0.40219.1
Project("{8BC9CEB8-8B4A-11D0-8D11-00A0C91BC942}") = "exercise1.1.1", "exercise1.1.1\exercise1.1.1.vcxproj", "{F7DA24D0-D8DF-40DE-810C-E486B6F7086A}"
EndProject
Global
	GlobalSection(SolutionConfigurationPlatforms) = preSolution
		Debug|x64 = Debug|x64
		Debug|x86 = Debug|x86
		Release|x64 = Release|x64
		Release|x86 = Release|x86
	EndGlobalSection
	GlobalSection(ProjectConfigurationPlatforms) = postSolution
		{F7DA24D0-D8DF-40DE-810C-E486B6F7086A}.Debug|x64.ActiveCfg = Debug|x64
		{F7DA24D0-D8DF-40DE-810C-E486B6F7086A}.Debug|x64.Build.0 = Debug|x64
		{F7DA24D0-D8DF-40DE-810C-E486B6F7086A}.Debug|x86.ActiveCfg = Debug|Win32
		{F7DA24D0-D8DF-40DE-810C-E486B6F7086A}.Debug|x86.Build.0 = Debug|Win32
		{F7DA24D0-D8DF-40DE-810C-E486B6F7086A}.Release|x64.ActiveCfg = Release|x64
		{F7DA24D0-D8DF-40DE-810C-E486B6F7086A}.Release|x64.Build.0 = Release|x64
		{F7DA24D0-D8DF-40DE-810C-E486B6F7086A}.Release|x86.ActiveCfg = Release|Win32
		{F7DA24D0-D8DF-40DE-810C-E486B6F7086A}.Release|x86.Build.0 = Release|Win32
	EndGlobalSection
	GlobalSection(SolutionProperties) = preSolution
		HideSolutionNode = FALSE
	EndGlobalSection
	GlobalSection(ExtensibilityGlobals) = postSolution
		SolutionGuid = {74C690EB-1F84-4CCB-8B91-B79D23FAC2A4}
	EndGlobalSection
EndGlobal
